// !$*UTF8*$!
{
	archiveVersion = 1;
	classes = {
	};
	objectVersion = 50;
	objects = {

/* Begin PBXBuildFile section */
		14AABBB320EE7AB200FD8306 /* AppDelegate.swift in Sources */ = {isa = PBXBuildFile; fileRef = 14AABBB220EE7AB200FD8306 /* AppDelegate.swift */; };
		14AABBB520EE7AB200FD8306 /* ViewController.swift in Sources */ = {isa = PBXBuildFile; fileRef = 14AABBB420EE7AB200FD8306 /* ViewController.swift */; };
		14AABBB820EE7AB200FD8306 /* Main.storyboard in Resources */ = {isa = PBXBuildFile; fileRef = 14AABBB620EE7AB200FD8306 /* Main.storyboard */; };
		14AABBBA20EE7AB600FD8306 /* Assets.xcassets in Resources */ = {isa = PBXBuildFile; fileRef = 14AABBB920EE7AB600FD8306 /* Assets.xcassets */; };
		14AABBBD20EE7AB600FD8306 /* LaunchScreen.storyboard in Resources */ = {isa = PBXBuildFile; fileRef = 14AABBBB20EE7AB600FD8306 /* LaunchScreen.storyboard */; };
		14AABBC620EE7E2500FD8306 /* CoreLocation.framework in Frameworks */ = {isa = PBXBuildFile; fileRef = 14AABBC520EE7E2500FD8306 /* CoreLocation.framework */; };
		14AABBC820EE842600FD8306 /* PlacesViewController.swift in Sources */ = {isa = PBXBuildFile; fileRef = 14AABBC720EE842600FD8306 /* PlacesViewController.swift */; };
/* End PBXBuildFile section */

/* Begin PBXFileReference section */
		14AABBAF20EE7AB200FD8306 /* memorablePlaces.app */ = {isa = PBXFileReference; explicitFileType = wrapper.application; includeInIndex = 0; path = memorablePlaces.app; sourceTree = BUILT_PRODUCTS_DIR; };
		14AABBB220EE7AB200FD8306 /* AppDelegate.swift */ = {isa = PBXFileReference; lastKnownFileType = sourcecode.swift; path = AppDelegate.swift; sourceTree = "<group>"; };
		14AABBB420EE7AB200FD8306 /* ViewController.swift */ = {isa = PBXFileReference; lastKnownFileType = sourcecode.swift; path = ViewController.swift; sourceTree = "<group>"; };
		14AABBB720EE7AB200FD8306 /* Base */ = {isa = PBXFileReference; lastKnownFileType = file.storyboard; name = Base; path = Base.lproj/Main.storyboard; sourceTree = "<group>"; };
		14AABBB920EE7AB600FD8306 /* Assets.xcassets */ = {isa = PBXFileReference; lastKnownFileType = folder.assetcatalog; path = Assets.xcassets; sourceTree = "<group>"; };
		14AABBBC20EE7AB600FD8306 /* Base */ = {isa = PBXFileReference; lastKnownFileType = file.storyboard; name = Base; path = Base.lproj/LaunchScreen.storyboard; sourceTree = "<group>"; };
		14AABBBE20EE7AB600FD8306 /* Info.plist */ = {isa = PBXFileReference; lastKnownFileType = text.plist.xml; path = Info.plist; sourceTree = "<group>"; };
		14AABBC520EE7E2500FD8306 /* CoreLocation.framework */ = {isa = PBXFileReference; lastKnownFileType = wrapper.framework; name = CoreLocation.framework; path = System/Library/Frameworks/CoreLocation.framework; sourceTree = SDKROOT; };
		14AABBC720EE842600FD8306 /* PlacesViewController.swift */ = {isa = PBXFileReference; lastKnownFileType = sourcecode.swift; path = PlacesViewController.swift; sourceTree = "<group>"; };
/* End PBXFileReference section */

/* Begin PBXFrameworksBuildPhase section */
		14AABBAC20EE7AB200FD8306 /* Frameworks */ = {
			isa = PBXFrameworksBuildPhase;
			buildActionMask = 2147483647;
			files = (
				14AABBC620EE7E2500FD8306 /* CoreLocation.framework in Frameworks */,
			);
			runOnlyForDeploymentPostprocessing = 0;
		};
/* End PBXFrameworksBuildPhase section */

/* Begin PBXGroup section */
		14AABBA620EE7AB200FD8306 = {
			isa = PBXGroup;
			children = (
				14AABBB120EE7AB200FD8306 /* memorablePlaces */,
				14AABBB020EE7AB200FD8306 /* Products */,
				14AABBC420EE7E2500FD8306 /* Frameworks */,
			);
			sourceTree = "<group>";
		};
		14AABBB020EE7AB200FD8306 /* Products */ = {
			isa = PBXGroup;
			children = (
				14AABBAF20EE7AB200FD8306 /* memorablePlaces.app */,
			);
			name = Products;
			sourceTree = "<group>";
		};
		14AABBB120EE7AB200FD8306 /* memorablePlaces */ = {
			isa = PBXGroup;
			children = (
				14AABBB220EE7AB200FD8306 /* AppDelegate.swift */,
				14AABBB420EE7AB200FD8306 /* ViewController.swift */,
				14AABBB620EE7AB200FD8306 /* Main.storyboard */,
				14AABBC720EE842600FD8306 /* PlacesViewController.swift */,
				14AABBB920EE7AB600FD8306 /* Assets.xcassets */,
				14AABBBB20EE7AB600FD8306 /* LaunchScreen.storyboard */,
				14AABBBE20EE7AB600FD8306 /* Info.plist */,
			);
			path = memorablePlaces;
			sourceTree = "<group>";
		};
		14AABBC420EE7E2500FD8306 /* Frameworks */ = {
			isa = PBXGroup;
			children = (
				14AABBC520EE7E2500FD8306 /* CoreLocation.framework */,
			);
			name = Frameworks;
			sourceTree = "<group>";
		};
/* End PBXGroup section */

/* Begin PBXNativeTarget section */
		14AABBAE20EE7AB200FD8306 /* memorablePlaces */ = {
			isa = PBXNativeTarget;
			buildConfigurationList = 14AABBC120EE7AB600FD8306 /* Build configuration list for PBXNativeTarget "memorablePlaces" */;
			buildPhases = (
				14AABBAB20EE7AB200FD8306 /* Sources */,
				14AABBAC20EE7AB200FD8306 /* Frameworks */,
				14AABBAD20EE7AB200FD8306 /* Resources */,
			);
			buildRules = (
			);
			dependencies = (
			);
			name = memorablePlaces;
			productName = memorablePlaces;
			productReference = 14AABBAF20EE7AB200FD8306 /* memorablePlaces.app */;
			productType = "com.apple.product-type.application";
		};
/* End PBXNativeTarget section */

/* Begin PBXProject section */
		14AABBA720EE7AB200FD8306 /* Project object */ = {
			isa = PBXProject;
			attributes = {
				LastSwiftUpdateCheck = 0940;
				LastUpgradeCheck = 0940;
				ORGANIZATIONNAME = Filip;
				TargetAttributes = {
					14AABBAE20EE7AB200FD8306 = {
						CreatedOnToolsVersion = 9.4.1;
					};
				};
			};
			buildConfigurationList = 14AABBAA20EE7AB200FD8306 /* Build configuration list for PBXProject "memorablePlaces" */;
			compatibilityVersion = "Xcode 9.3";
			developmentRegion = en;
			hasScannedForEncodings = 0;
			knownRegions = (
				en,
				Base,
			);
			mainGroup = 14AABBA620EE7AB200FD8306;
			productRefGroup = 14AABBB020EE7AB200FD8306 /* Products */;
			projectDirPath = "";
			projectRoot = "";
			targets = (
				14AABBAE20EE7AB200FD8306 /* memorablePlaces */,
			);
		};
/* End PBXProject section */

/* Begin PBXResourcesBuildPhase section */
		14AABBAD20EE7AB200FD8306 /* Resources */ = {
			isa = PBXResourcesBuildPhase;
			buildActionMask = 2147483647;
			files = (
				14AABBBD20EE7AB600FD8306 /* LaunchScreen.storyboard in Resources */,
				14AABBBA20EE7AB600FD8306 /* Assets.xcassets in Resources */,
				14AABBB820EE7AB200FD8306 /* Main.storyboard in Resources */,
			);
			runOnlyForDeploymentPostprocessing = 0;
		};
/* End PBXResourcesBuildPhase section */

/* Begin PBXSourcesBuildPhase section */
		14AABBAB20EE7AB200FD8306 /* Sources */ = {
			isa = PBXSourcesBuildPhase;
			buildActionMask = 2147483647;
			files = (
				14AABBC820EE842600FD8306 /* PlacesViewController.swift in Sources */,
				14AABBB520EE7AB200FD8306 /* ViewController.swift in Sources */,
				14AABBB320EE7AB200FD8306 /* AppDelegate.swift in Sources */,
			);
			runOnlyForDeploymentPostprocessing = 0;
		};
/* End PBXSourcesBuildPhase section */

/* Begin PBXVariantGroup section */
		14AABBB620EE7AB200FD8306 /* Main.storyboard */ = {
			isa = PBXVariantGroup;
			children = (
				14AABBB720EE7AB200FD8306 /* Base */,
			);
			name = Main.storyboard;
			sourceTree = "<group>";
		};
		14AABBBB20EE7AB600FD8306 /* LaunchScreen.storyboard */ = {
			isa = PBXVariantGroup;
			children = (
				14AABBBC20EE7AB600FD8306 /* Base */,
			);
			name = LaunchScreen.storyboard;
			sourceTree = "<group>";
		};
/* End PBXVariantGroup section */

/* Begin XCBuildConfiguration section */
		14AABBBF20EE7AB600FD8306 /* Debug */ = {
			isa = XCBuildConfiguration;
			buildSettings = {
				ALWAYS_SEARCH_USER_PATHS = NO;
				CLANG_ANALYZER_NONNULL = YES;
				CLANG_ANALYZER_NUMBER_OBJECT_CONVERSION = YES_AGGRESSIVE;
				CLANG_CXX_LANGUAGE_STANDARD = "gnu++14";
				CLANG_CXX_LIBRARY = "libc++";
				CLANG_ENABLE_MODULES = YES;
				CLANG_ENABLE_OBJC_ARC = YES;
				CLANG_ENABLE_OBJC_WEAK = YES;
				CLANG_WARN_BLOCK_CAPTURE_AUTORELEASING = YES;
				CLANG_WARN_BOOL_CONVERSION = YES;
				CLANG_WARN_COMMA = YES;
				CLANG_WARN_CONSTANT_CONVERSION = YES;
				CLANG_WARN_DEPRECATED_OBJC_IMPLEMENTATIONS = YES;
				CLANG_WARN_DIRECT_OBJC_ISA_USAGE = YES_ERROR;
				CLANG_WARN_DOCUMENTATION_COMMENTS = YES;
				CLANG_WARN_EMPTY_BODY = YES;
				CLANG_WARN_ENUM_CONVERSION = YES;
				CLANG_WARN_INFINITE_RECURSION = YES;
				CLANG_WARN_INT_CONVERSION = YES;
				CLANG_WARN_NON_LITERAL_NULL_CONVERSION = YES;
				CLANG_WARN_OBJC_IMPLICIT_RETAIN_SELF = YES;
				CLANG_WARN_OBJC_LITERAL_CONVERSION = YES;
				CLANG_WARN_OBJC_ROOT_CLASS = YES_ERROR;
				CLANG_WARN_RANGE_LOOP_ANALYSIS = YES;
				CLANG_WARN_STRICT_PROTOTYPES = YES;
				CLANG_WARN_SUSPICIOUS_MOVE = YES;
				CLANG_WARN_UNGUARDED_AVAILABILITY = YES_AGGRESSIVE;
				CLANG_WARN_UNREACHABLE_CODE = YES;
				CLANG_WARN__DUPLICATE_METHOD_MATCH = YES;
				CODE_SIGN_IDENTITY = "iPhone Developer";
				COPY_PHASE_STRIP = NO;
				DEBUG_INFORMATION_FORMAT = dwarf;
				ENABLE_STRICT_OBJC_MSGSEND = YES;
				ENABLE_TESTABILITY = YES;
				GCC_C_LANGUAGE_STANDARD = gnu11;
				GCC_DYNAMIC_NO_PIC = NO;
				GCC_NO_COMMON_BLOCKS = YES;
				GCC_OPTIMIZATION_LEVEL = 0;
				GCC_PREPROCESSOR_DEFINITIONS = (
					"DEBUG=1",
					"$(inherited)",
				);
				GCC_WARN_64_TO_32_BIT_CONVERSION = YES;
				GCC_WARN_ABOUT_RETURN_TYPE = YES_ERROR;
				GCC_WARN_UNDECLARED_SELECTOR = YES;
				GCC_WARN_UNINITIALIZED_AUTOS = YES_AGGRESSIVE;
				GCC_WARN_UNUSED_FUNCTION = YES;
				GCC_WARN_UNUSED_VARIABLE = YES;
				IPHONEOS_DEPLOYMENT_TARGET = 11.4;
				MTL_ENABLE_DEBUG_INFO = YES;
				ONLY_ACTIVE_ARCH = YES;
				SDKROOT = iphoneos;
				SWIFT_ACTIVE_COMPILATION_CONDITIONS = DEBUG;
				SWIFT_OPTIMIZATION_LEVEL = "-Onone";
			};
			name = Debug;
		};
		14AABBC020EE7AB600FD8306 /* Release */ = {
			isa = XCBuildConfiguration;
			buildSettings = {
				ALWAYS_SEARCH_USER_PATHS = NO;
				CLANG_ANALYZER_NONNULL = YES;
				CLANG_ANALYZER_NUMBER_OBJECT_CONVERSION = YES_AGGRESSIVE;
				CLANG_CXX_LANGUAGE_STANDARD = "gnu++14";
				CLANG_CXX_LIBRARY = "libc++";
				CLANG_ENABLE_MODULES = YES;
				CLANG_ENABLE_OBJC_ARC = YES;
				CLANG_ENABLE_OBJC_WEAK = YES;
				CLANG_WARN_BLOCK_CAPTURE_AUTORELEASING = YES;
				CLANG_WARN_BOOL_CONVERSION = YES;
				CLANG_WARN_COMMA = YES;
				CLANG_WARN_CONSTANT_CONVERSION = YES;
				CLANG_WARN_DEPRECATED_OBJC_IMPLEMENTATIONS = YES;
				CLANG_WARN_DIRECT_OBJC_ISA_USAGE = YES_ERROR;
				CLANG_WARN_DOCUMENTATION_COMMENTS = YES;
				CLANG_WARN_EMPTY_BODY = YES;
				CLANG_WARN_ENUM_CONVERSION = YES;
				CLANG_WARN_INFINITE_RECURSION = YES;
				CLANG_WARN_INT_CONVERSION = YES;
				CLANG_WARN_NON_LITERAL_NULL_CONVERSION = YES;
				CLANG_WARN_OBJC_IMPLICIT_RETAIN_SELF = YES;
				CLANG_WARN_OBJC_LITERAL_CONVERSION = YES;
				CLANG_WARN_OBJC_ROOT_CLASS = YES_ERROR;
				CLANG_WARN_RANGE_LOOP_ANALYSIS = YES;
				CLANG_WARN_STRICT_PROTOTYPES = YES;
				CLANG_WARN_SUSPICIOUS_MOVE = YES;
				CLANG_WARN_UNGUARDED_AVAILABILITY = YES_AGGRESSIVE;
				CLANG_WARN_UNREACHABLE_CODE = YES;
				CLANG_WARN__DUPLICATE_METHOD_MATCH = YES;
				CODE_SIGN_IDENTITY = "iPhone Developer";
				COPY_PHASE_STRIP = NO;
				DEBUG_INFORMATION_FORMAT = "dwarf-with-dsym";
				ENABLE_NS_ASSERTIONS = NO;
				ENABLE_STRICT_OBJC_MSGSEND = YES;
				GCC_C_LANGUAGE_STANDARD = gnu11;
				GCC_NO_COMMON_BLOCKS = YES;
				GCC_WARN_64_TO_32_BIT_CONVERSION = YES;
				GCC_WARN_ABOUT_RETURN_TYPE = YES_ERROR;
				GCC_WARN_UNDECLARED_SELECTOR = YES;
				GCC_WARN_UNINITIALIZED_AUTOS = YES_AGGRESSIVE;
				GCC_WARN_UNUSED_FUNCTION = YES;
				GCC_WARN_UNUSED_VARIABLE = YES;
				IPHONEOS_DEPLOYMENT_TARGET = 11.4;
				MTL_ENABLE_DEBUG_INFO = NO;
				SDKROOT = iphoneos;
				SWIFT_COMPILATION_MODE = wholemodule;
				SWIFT_OPTIMIZATION_LEVEL = "-O";
				VALIDATE_PRODUCT = YES;
			};
			name = Release;
		};
		14AABBC220EE7AB600FD8306 /* Debug */ = {
			isa = XCBuildConfiguration;
			buildSettings = {
				ASSETCATALOG_COMPILER_APPICON_NAME = AppIcon;
				CODE_SIGN_STYLE = Automatic;
				INFOPLIST_FILE = memorablePlaces/Info.plist;
				LD_RUNPATH_SEARCH_PATHS = (
					"$(inherited)",
					"@executable_path/Frameworks",
				);
				PRODUCT_BUNDLE_IDENTIFIER = fg.memorablePlaces;
				PRODUCT_NAME = "$(TARGET_NAME)";
				SWIFT_VERSION = 4.0;
				TARGETED_DEVICE_FAMILY = "1,2";
			};
			name = Debug;
		};
		14AABBC320EE7AB600FD8306 /* Release */ = {
			isa = XCBuildConfiguration;
			buildSettings = {
				ASSETCATALOG_COMPILER_APPICON_NAME = AppIcon;
				CODE_SIGN_STYLE = Automatic;
				INFOPLIST_FILE = memorablePlaces/Info.plist;
				LD_RUNPATH_SEARCH_PATHS = (
					"$(inherited)",
					"@executable_path/Frameworks",
				);
				PRODUCT_BUNDLE_IDENTIFIER = fg.memorablePlaces;
				PRODUCT_NAME = "$(TARGET_NAME)";
				SWIFT_VERSION = 4.0;
				TARGETED_DEVICE_FAMILY = "1,2";
			};
			name = Release;
		};
/* End XCBuildConfiguration section */

/* Begin XCConfigurationList section */
		14AABBAA20EE7AB200FD8306 /* Build configuration list for PBXProject "memorablePlaces" */ = {
			isa = XCConfigurationList;
			buildConfigurations = (
				14AABBBF20EE7AB600FD8306 /* Debug */,
				14AABBC020EE7AB600FD8306 /* Release */,
			);
			defaultConfigurationIsVisible = 0;
			defaultConfigurationName = Release;
		};
		14AABBC120EE7AB600FD8306 /* Build configuration list for PBXNativeTarget "memorablePlaces" */ = {
			isa = XCConfigurationList;
			buildConfigurations = (
				14AABBC220EE7AB600FD8306 /* Debug */,
				14AABBC320EE7AB600FD8306 /* Release */,
			);
			defaultConfigurationIsVisible = 0;
			defaultConfigurationName = Release;
		};
/* End XCConfigurationList section */
	};
	rootObject = 14AABBA720EE7AB200FD8306 /* Project object */;
}
